
Microsoft Visual Studio Solution File, Format Version 12.00
# Visual Studio Version 17
VisualStudioVersion = 17.1.32421.90
MinimumVisualStudioVersion = 10.0.40219.1
Project("{FAE04EC0-301F-11D3-BF4B-00C04F79EFBC}") = "Summator", "Summator\Summator.csproj", "{113F928B-A122-4868-A794-1FD858D0BA9F}"
EndProject
Project("{FAE04EC0-301F-11D3-BF4B-00C04F79EFBC}") = "Summator.Tests", "Summator.Tests\Summator.Tests.csproj", "{1F69717C-5E99-47C0-8680-F7437292B163}"
EndProject
Global
	GlobalSection(SolutionConfigurationPlatforms) = preSolution
		Debug|Any CPU = Debug|Any CPU
		Release|Any CPU = Release|Any CPU
	EndGlobalSection
	GlobalSection(ProjectConfigurationPlatforms) = postSolution
		{113F928B-A122-4868-A794-1FD858D0BA9F}.Debug|Any CPU.ActiveCfg = Debug|Any CPU
		{113F928B-A122-4868-A794-1FD858D0BA9F}.Debug|Any CPU.Build.0 = Debug|Any CPU
		{113F928B-A122-4868-A794-1FD858D0BA9F}.Release|Any CPU.ActiveCfg = Release|Any CPU
		{113F928B-A122-4868-A794-1FD858D0BA9F}.Release|Any CPU.Build.0 = Release|Any CPU
		{1F69717C-5E99-47C0-8680-F7437292B163}.Debug|Any CPU.ActiveCfg = Debug|Any CPU
		{1F69717C-5E99-47C0-8680-F7437292B163}.Debug|Any CPU.Build.0 = Debug|Any CPU
		{1F69717C-5E99-47C0-8680-F7437292B163}.Release|Any CPU.ActiveCfg = Release|Any CPU
		{1F69717C-5E99-47C0-8680-F7437292B163}.Release|Any CPU.Build.0 = Release|Any CPU
	EndGlobalSection
	GlobalSection(SolutionProperties) = preSolution
		HideSolutionNode = FALSE
	EndGlobalSection
	GlobalSection(ExtensibilityGlobals) = postSolution
		SolutionGuid = {B24F14E8-799A-4929-9BD1-262BE1448176}
	EndGlobalSection
EndGlobal
